<?xml version="1.0" encoding="utf-8"?>
<Project ToolsVersion="4.0" xmlns="http://schemas.microsoft.com/developer/msbuild/2003">
  <ItemGroup>
    <Filter Include="源文件">
      <UniqueIdentifier>{4FC737F1-C7A5-4376-A066-2A32D752A2FF}</UniqueIdentifier>
      <Extensions>cpp;c;cc;cxx;def;odl;idl;hpj;bat;asm;asmx</Extensions>
    </Filter>
    <Filter Include="头文件">
      <UniqueIdentifier>{93995380-89BD-4b04-88EB-625FBE52EBFB}</UniqueIdentifier>
      <Extensions>h;hh;hpp;hxx;hm;inl;inc;ipp;xsd</Extensions>
    </Filter>
    <Filter Include="资源文件">
      <UniqueIdentifier>{67DA6AB6-F800-4c08-8B7A-83BB121AAD01}</UniqueIdentifier>
      <Extensions>rc;ico;cur;bmp;dlg;rc2;rct;bin;rgs;gif;jpg;jpeg;jpe;resx;tiff;tif;png;wav;mfcribbon-ms</Extensions>
    </Filter>
    <Filter Include="头文件\tree">
      <UniqueIdentifier>{b10dd81e-3ac0-4771-976d-2ce43c0a088c}</UniqueIdentifier>
    </Filter>
    <Filter Include="头文件\sortAlgorithm">
      <UniqueIdentifier>{89a2b63a-1825-4bc0-8a7b-4e40d649e384}</UniqueIdentifier>
    </Filter>
    <Filter Include="头文件\linearStructure">
      <UniqueIdentifier>{5a25cb15-02fd-4005-9cc7-9afb8d722010}</UniqueIdentifier>
    </Filter>
  </ItemGroup>
  <ItemGroup>
    <ClCompile Include="main.cpp">
      <Filter>源文件</Filter>
    </ClCompile>
    <ClCompile Include="railRoad.cpp">
      <Filter>源文件</Filter>
    </ClCompile>
    <ClCompile Include="test.cpp">
      <Filter>源文件</Filter>
    </ClCompile>
  </ItemGroup>
  <ItemGroup>
    <ClInclude Include="DataStructure.hpp">
      <Filter>头文件</Filter>
    </ClInclude>
    <ClInclude Include="graph.h">
      <Filter>头文件</Filter>
    </ClInclude>
    <ClInclude Include="sortAlgorithm\MergeSort.h">
      <Filter>头文件\sortAlgorithm</Filter>
    </ClInclude>
    <ClInclude Include="sortAlgorithm\QuickSort.h">
      <Filter>头文件\sortAlgorithm</Filter>
    </ClInclude>
    <ClInclude Include="sortAlgorithm\RankSort.h">
      <Filter>头文件\sortAlgorithm</Filter>
    </ClInclude>
    <ClInclude Include="sortAlgorithm\ShellSort.h">
      <Filter>头文件\sortAlgorithm</Filter>
    </ClInclude>
    <ClInclude Include="linearStructure\arrayList.h">
      <Filter>头文件\linearStructure</Filter>
    </ClInclude>
    <ClInclude Include="linearStructure\ArrayStack.h">
      <Filter>头文件\linearStructure</Filter>
    </ClInclude>
    <ClInclude Include="sortAlgorithm\InsertionSort.h">
      <Filter>头文件\linearStructure</Filter>
    </ClInclude>
    <ClInclude Include="linearStructure\linkedList.h">
      <Filter>头文件\linearStructure</Filter>
    </ClInclude>
    <ClInclude Include="linearStructure\LinkedStack.h">
      <Filter>头文件\linearStructure</Filter>
    </ClInclude>
    <ClInclude Include="linearStructure\MaxHeap.h">
      <Filter>头文件\linearStructure</Filter>
    </ClInclude>
    <ClInclude Include="tree\abstractBinaryTree.h">
      <Filter>头文件\tree</Filter>
    </ClInclude>
    <ClInclude Include="tree\BinarySearchTree.h">
      <Filter>头文件\tree</Filter>
    </ClInclude>
    <ClInclude Include="tree\AVLTree.h">
      <Filter>头文件\tree</Filter>
    </ClInclude>
    <ClInclude Include="tree\BTree.h">
      <Filter>头文件\tree</Filter>
    </ClInclude>
    <ClInclude Include="tree\binaryTree.h">
      <Filter>头文件\tree</Filter>
    </ClInclude>
    <ClInclude Include="tree\RedBlackTree.h">
      <Filter>头文件\tree</Filter>
    </ClInclude>
  </ItemGroup>
  <ItemGroup>
    <None Include="ClassDiagram.cd" />
  </ItemGroup>
</Project>